
Microsoft Visual Studio Solution File, Format Version 12.00
# Visual Studio Version 17
VisualStudioVersion = 17.9.34616.47
MinimumVisualStudioVersion = 10.0.40219.1
Project("{FAE04EC0-301F-11D3-BF4B-00C04F79EFBC}") = "vetement2", "vetement2.csproj", "{084776D0-9DE0-40CF-8CEB-76A27622E903}"
EndProject
Global
	GlobalSection(SolutionConfigurationPlatforms) = preSolution
		Debug|Any CPU = Debug|Any CPU
		Release|Any CPU = Release|Any CPU
	EndGlobalSection
	GlobalSection(ProjectConfigurationPlatforms) = postSolution
		{084776D0-9DE0-40CF-8CEB-76A27622E903}.Debug|Any CPU.ActiveCfg = Debug|Any CPU
		{084776D0-9DE0-40CF-8CEB-76A27622E903}.Debug|Any CPU.Build.0 = Debug|Any CPU
		{084776D0-9DE0-40CF-8CEB-76A27622E903}.Release|Any CPU.ActiveCfg = Release|Any CPU
		{084776D0-9DE0-40CF-8CEB-76A27622E903}.Release|Any CPU.Build.0 = Release|Any CPU
	EndGlobalSection
	GlobalSection(SolutionProperties) = preSolution
		HideSolutionNode = FALSE
	EndGlobalSection
	GlobalSection(ExtensibilityGlobals) = postSolution
		SolutionGuid = {42042C54-C486-4357-B884-23328A4DCC72}
	EndGlobalSection
EndGlobal
